
Microsoft Visual Studio Solution File, Format Version 12.00
# Visual Studio 15
Project("{FAE04EC0-301F-11D3-BF4B-00C04F79EFBC}") = "Unity.Transforms.Generated", "Unity.Transforms.Generated.csproj", "{1FA42DA1-7220-D31C-C73C-282AC970C28E}"
EndProject
Project("{FAE04EC0-301F-11D3-BF4B-00C04F79EFBC}") = "Unity.NetCode.Generated", "Unity.NetCode.Generated.csproj", "{1184EAE5-295D-DF5D-FB42-869D5E251424}"
EndProject
Project("{FAE04EC0-301F-11D3-BF4B-00C04F79EFBC}") = "Assembly-CSharp", "Assembly-CSharp.csproj", "{53CE8ABB-B1E2-CE5D-6E61-2AD02B045027}"
EndProject
Global
	GlobalSection(SolutionConfigurationPlatforms) = preSolution
		Debug|Any CPU = Debug|Any CPU
		Release|Any CPU = Release|Any CPU
	EndGlobalSection
	GlobalSection(ProjectConfigurationPlatforms) = postSolution
		{1FA42DA1-7220-D31C-C73C-282AC970C28E}.Debug|Any CPU.ActiveCfg = Debug|Any CPU
		{1FA42DA1-7220-D31C-C73C-282AC970C28E}.Debug|Any CPU.Build.0 = Debug|Any CPU
		{1FA42DA1-7220-D31C-C73C-282AC970C28E}.Release|Any CPU.ActiveCfg = Release|Any CPU
		{1FA42DA1-7220-D31C-C73C-282AC970C28E}.Release|Any CPU.Build.0 = Release|Any CPU
		{1184EAE5-295D-DF5D-FB42-869D5E251424}.Debug|Any CPU.ActiveCfg = Debug|Any CPU
		{1184EAE5-295D-DF5D-FB42-869D5E251424}.Debug|Any CPU.Build.0 = Debug|Any CPU
		{1184EAE5-295D-DF5D-FB42-869D5E251424}.Release|Any CPU.ActiveCfg = Release|Any CPU
		{1184EAE5-295D-DF5D-FB42-869D5E251424}.Release|Any CPU.Build.0 = Release|Any CPU
		{53CE8ABB-B1E2-CE5D-6E61-2AD02B045027}.Debug|Any CPU.ActiveCfg = Debug|Any CPU
		{53CE8ABB-B1E2-CE5D-6E61-2AD02B045027}.Debug|Any CPU.Build.0 = Debug|Any CPU
		{53CE8ABB-B1E2-CE5D-6E61-2AD02B045027}.Release|Any CPU.ActiveCfg = Release|Any CPU
		{53CE8ABB-B1E2-CE5D-6E61-2AD02B045027}.Release|Any CPU.Build.0 = Release|Any CPU
	EndGlobalSection
	GlobalSection(SolutionProperties) = preSolution
		HideSolutionNode = FALSE
	EndGlobalSection
EndGlobal
